<?xml version="1.0" encoding="utf-8"?>
<Project ToolsVersion="4.0" xmlns="http://schemas.microsoft.com/developer/msbuild/2003">
  <ItemGroup>
    <Filter Include="Source Files">
      <UniqueIdentifier>{4FC737F1-C7A5-4376-A066-2A32D752A2FF}</UniqueIdentifier>
      <Extensions>cpp;c;cc;cxx;c++;cppm;ixx;def;odl;idl;hpj;bat;asm;asmx</Extensions>
    </Filter>
    <Filter Include="Header Files">
      <UniqueIdentifier>{93995380-89BD-4b04-88EB-625FBE52EBFB}</UniqueIdentifier>
      <Extensions>h;hh;hpp;hxx;h++;hm;inl;inc;ipp;xsd</Extensions>
    </Filter>
    <Filter Include="Resource Files">
      <UniqueIdentifier>{67DA6AB6-F800-4c08-8B7A-83BB121AAD01}</UniqueIdentifier>
      <Extensions>rc;ico;cur;bmp;dlg;rc2;rct;bin;rgs;gif;jpg;jpeg;jpe;resx;tiff;tif;png;wav;mfcribbon-ms</Extensions>
    </Filter>
    <Filter Include="Source Files\reanforcment_learning_project">
      <UniqueIdentifier>{5fc815ae-7c51-4bf2-a76d-216b1bf4259b}</UniqueIdentifier>
    </Filter>
  </ItemGroup>
  <ItemGroup>
    <ClInclude Include="tensor.h">
      <Filter>Header Files</Filter>
    </ClInclude>
    <ClInclude Include="active_functions.h">
      <Filter>Header Files</Filter>
    </ClInclude>
    <ClInclude Include="neuron.h">
      <Filter>Header Files</Filter>
    </ClInclude>
    <ClInclude Include="dense_layer.h">
      <Filter>Header Files</Filter>
    </ClInclude>
    <ClInclude Include="network.h">
      <Filter>Header Files</Filter>
    </ClInclude>
    <ClInclude Include="classification.h">
      <Filter>Header Files</Filter>
    </ClInclude>
    <ClInclude Include="csv_parser.h">
      <Filter>Header Files</Filter>
    </ClInclude>
    <ClInclude Include="hashmap.h">
      <Filter>Header Files</Filter>
    </ClInclude>
    <ClInclude Include="reinforcement.h">
      <Filter>Header Files</Filter>
    </ClInclude>
    <ClInclude Include="tokenizer.h">
      <Filter>Header Files</Filter>
    </ClInclude>
    <ClInclude Include="rnn_neuron.h">
      <Filter>Header Files</Filter>
    </ClInclude>
    <ClInclude Include="rnn_layer.h">
      <Filter>Header Files</Filter>
    </ClInclude>
    <ClInclude Include="general_layer.h">
      <Filter>Header Files</Filter>
    </ClInclude>
  </ItemGroup>
  <ItemGroup>
    <ClCompile Include="Tensor_library.c">
      <Filter>Source Files</Filter>
    </ClCompile>
    <ClCompile Include="check.c">
      <Filter>Source Files</Filter>
    </ClCompile>
    <ClCompile Include="Activation_Functions.c">
      <Filter>Source Files</Filter>
    </ClCompile>
    <ClCompile Include="Neuron.c">
      <Filter>Source Files</Filter>
    </ClCompile>
    <ClCompile Include="dense_Layer.c">
      <Filter>Source Files</Filter>
    </ClCompile>
    <ClCompile Include="Network.c">
      <Filter>Source Files</Filter>
    </ClCompile>
    <ClCompile Include="test_library.c">
      <Filter>Source Files</Filter>
    </ClCompile>
    <ClCompile Include="Loss_Functions.c">
      <Filter>Source Files</Filter>
    </ClCompile>
    <ClCompile Include="Classification.c">
      <Filter>Source Files</Filter>
    </ClCompile>
    <ClCompile Include="reinforcement_network.c">
      <Filter>Source Files\reanforcment_learning_project</Filter>
    </ClCompile>
    <ClCompile Include="csv_parser.c">
      <Filter>Source Files</Filter>
    </ClCompile>
    <ClCompile Include="hashmap.c">
      <Filter>Source Files</Filter>
    </ClCompile>
    <ClCompile Include="tokenizer.c">
      <Filter>Source Files</Filter>
    </ClCompile>
    <ClCompile Include="rnn_neuron.c">
      <Filter>Source Files</Filter>
    </ClCompile>
    <ClCompile Include="rnn_layer.c">
      <Filter>Source Files</Filter>
    </ClCompile>
  </ItemGroup>
</Project>